{
  "lockfile_version": "1",
  "packages": {
    "github:NixOS/nixpkgs/nixpkgs-unstable": {
      "last_modified": "2026-06-08T15:01:26Z",
      "resolved": "github:NixOS/nixpkgs/8c3cede7ddc26bd659d2d383b5610efbd2c7a16e?lastModified=1780930886&narHash=sha256-rppURzHviaQN131F%2BnLiLdGfcb0uCd9gGP0E5%2Biw9MI%3D"
    },
    "gitleaks@latest": {
      "last_modified": "2026-05-21T08:15:18Z",
      "resolved": "github:NixOS/nixpkgs/4a29d733e8a7d5b824c3d8c958a946a9867b3eb2#gitleaks",
      "source": "devbox-search",
      "version": "8.30.1",
      "systems": {
        "aarch64-darwin": {
          "outputs": [
            {
              "name": "out",
              "path": "/nix/store/cmgv6pm3d1agy3479anh2j2avlv9rw5g-gitleaks-8.30.1",
              "default": true
            }
          ],
          "store_path": "/nix/store/cmgv6pm3d1agy3479anh2j2avlv9rw5g-gitleaks-8.30.1"
        },
        "aarch64-linux": {
          "outputs": [
            {
              "name": "out",
              "path": "/nix/store/4gr9d3wa5nzp0pkbacncmmynb01gcv91-gitleaks-8.30.1",
              "default": true
            }
          ],
          "store_path": "/nix/store/4gr9d3wa5nzp0pkbacncmmynb01gcv91-gitleaks-8.30.1"
        },
        "x86_64-darwin": {
          "outputs": [
            {
              "name": "out",
              "path": "/nix/store/j5agzxhhx87fb685vk4q7n2ijmai8hk0-gitleaks-8.30.1",
              "default": true
            }
          ],
          "store_path": "/nix/store/j5agzxhhx87fb685vk4q7n2ijmai8hk0-gitleaks-8.30.1"
        },
        "x86_64-linux": {
          "outputs": [
            {
              "name": "out",
              "path": "/nix/store/3dns49p6h9mc2kx2ax23f2226b3mzvz6-gitleaks-8.30.1",
              "default": true
            }
          ],
          "store_path": "/nix/store/3dns49p6h9mc2kx2ax23f2226b3mzvz6-gitleaks-8.30.1"
        }
      }
    },
    "google-cloud-sdk@latest": {
      "last_modified": "2026-06-05T19:07:58Z",
      "resolved": "github:NixOS/nixpkgs/891eaa77f0eed53352194677991bd30978f9b0ad#google-cloud-sdk",
      "source": "devbox-search",
      "version": "570.0.0",
      "systems": {
        "aarch64-darwin": {
          "outputs": [
            {
              "name": "out",
              "path": "/nix/store/qcj7zq0jwzjj16b8dv6ngy0hhj9zdaq2-google-cloud-sdk-570.0.0",
              "default": true
            }
          ],
          "store_path": "/nix/store/qcj7zq0jwzjj16b8dv6ngy0hhj9zdaq2-google-cloud-sdk-570.0.0"
        },
        "aarch64-linux": {
          "outputs": [
            {
              "name": "out",
              "path": "/nix/store/wq1k83jqsv0wgdslp9cm0g5fd58mcjad-google-cloud-sdk-570.0.0",
              "default": true
            }
          ],
          "store_path": "/nix/store/wq1k83jqsv0wgdslp9cm0g5fd58mcjad-google-cloud-sdk-570.0.0"
        },
        "x86_64-darwin": {
          "outputs": [
            {
              "name": "out",
              "path": "/nix/store/i5zm51qf7y2cspk2498kmx7l7i3qvqw0-google-cloud-sdk-570.0.0",
              "default": true
            }
          ],
          "store_path": "/nix/store/i5zm51qf7y2cspk2498kmx7l7i3qvqw0-google-cloud-sdk-570.0.0"
        },
        "x86_64-linux": {
          "outputs": [
            {
              "name": "out",
              "path": "/nix/store/yv1xrfw1b6j73prl041qlxdsl8dgs71b-google-cloud-sdk-570.0.0",
              "default": true
            }
          ],
          "store_path": "/nix/store/yv1xrfw1b6j73prl041qlxdsl8dgs71b-google-cloud-sdk-570.0.0"
        }
      }
    },
    "jdk@21": {
      "last_modified": "2025-10-22T20:59:19Z",
      "resolved": "github:NixOS/nixpkgs/01b6809f7f9d1183a2b3e081f0a1e6f8f415cb09#jdk",
      "source": "devbox-search",
      "version": "21.0.9+8",
      "systems": {
        "aarch64-linux": {
          "outputs": [
            {
              "name": "out",
              "path": "/nix/store/gxjm3qjq9kyvi5hv7r4s8ngbkg1d94df-openjdk-21.0.9+8",
              "default": true
            },
            {
              "name": "debug",
              "path": "/nix/store/sz9izpfkgi9nw3s9fz8vik9qn01vkx4d-openjdk-21.0.9+8-debug"
            }
          ],
          "store_path": "/nix/store/gxjm3qjq9kyvi5hv7r4s8ngbkg1d94df-openjdk-21.0.9+8"
        },
        "x86_64-linux": {
          "outputs": [
            {
              "name": "out",
              "path": "/nix/store/l5z1hqq6l223379w6f25fibniz16g2s9-openjdk-21.0.9+8",
              "default": true
            },
            {
              "name": "debug",
              "path": "/nix/store/pgkj2381fcdrbx9w85h162cigdgyn7j2-openjdk-21.0.9+8-debug"
            }
          ],
          "store_path": "/nix/store/l5z1hqq6l223379w6f25fibniz16g2s9-openjdk-21.0.9+8"
        }
      }
    },
    "jq@latest": {
      "last_modified": "2026-06-01T17:55:45Z",
      "resolved": "github:NixOS/nixpkgs/4df1b885d76a54e1aa1a318f8d16fd6005b6401f#jq",
      "source": "devbox-search",
      "version": "1.8.1",
      "systems": {
        "aarch64-darwin": {
          "outputs": [
            {
              "name": "bin",
              "path": "/nix/store/d551vj6hjc2bqiyg8dim6lv1v1xw7841-jq-1.8.1-bin",
              "default": true
            },
            {
              "name": "man",
              "path": "/nix/store/cyykpwx7q87ryqyhkz4slm163300rzjh-jq-1.8.1-man",
              "default": true
            },
            {
              "name": "dev",
              "path": "/nix/store/dy2cgp8adlm5gl3hkpykcgccv4dlhawb-jq-1.8.1-dev"
            },
            {
              "name": "doc",
              "path": "/nix/store/afjz34n0jz7a0zjjp6qkvnxqph53ifbw-jq-1.8.1-doc"
            },
            {
              "name": "out",
              "path": "/nix/store/yj3m8xi9h48mz4i7732zcwbqbb8bl402-jq-1.8.1"
            }
          ],
          "store_path": "/nix/store/d551vj6hjc2bqiyg8dim6lv1v1xw7841-jq-1.8.1-bin"
        },
        "aarch64-linux": {
          "outputs": [
            {
              "name": "bin",
              "path": "/nix/store/d6mx57dmjq61j69ap45f6fm3jb0lslyc-jq-1.8.1-bin",
              "default": true
            },
            {
              "name": "man",
              "path": "/nix/store/bnwzc47h7zhc3zwkjmy4br8jd2ki9pyj-jq-1.8.1-man",
              "default": true
            },
            {
              "name": "doc",
              "path": "/nix/store/fway55wsvvly58sz7zn7vlq68v0q1ig3-jq-1.8.1-doc"
            },
            {
              "name": "out",
              "path": "/nix/store/6y9n87w9lsk3x0fscm6kfirk3ssc0syr-jq-1.8.1"
            },
            {
              "name": "dev",
              "path": "/nix/store/qv69wdjr2zd2w6yg5n8lxfn6c8mg4bwf-jq-1.8.1-dev"
            }
          ],
          "store_path": "/nix/store/d6mx57dmjq61j69ap45f6fm3jb0lslyc-jq-1.8.1-bin"
        },
        "x86_64-darwin": {
          "outputs": [
            {
              "name": "bin",
              "path": "/nix/store/pnm2frw3jwfrlycf730z5bfgixiyjal4-jq-1.8.1-bin",
              "default": true
            },
            {
              "name": "man",
              "path": "/nix/store/0yyamki3lhy0rp6vn45mn6cdhqb2c64a-jq-1.8.1-man",
              "default": true
            },
            {
              "name": "dev",
              "path": "/nix/store/hg1vhcfr1lwv39vn84cijdn187jmcfnj-jq-1.8.1-dev"
            },
            {
              "name": "doc",
              "path": "/nix/store/mzarfihn2c84s6qw7zp0rbbj7hb09dv2-jq-1.8.1-doc"
            },
            {
              "name": "out",
              "path": "/nix/store/8c9m07iqwczlfzx1sk0c5g2a9nnzvhc3-jq-1.8.1"
            }
          ],
          "store_path": "/nix/store/pnm2frw3jwfrlycf730z5bfgixiyjal4-jq-1.8.1-bin"
        },
        "x86_64-linux": {
          "outputs": [
            {
              "name": "bin",
              "path": "/nix/store/s04d6wm3kqjdgr7zdhlk214f6a2291ks-jq-1.8.1-bin",
              "default": true
            },
            {
              "name": "man",
              "path": "/nix/store/ncw52xsl5hgplh8csybbp9fli64iw1aq-jq-1.8.1-man",
              "default": true
            },
            {
              "name": "dev",
              "path": "/nix/store/fmsvbcz2s85pmszdvwp4mhlamiv5lnzg-jq-1.8.1-dev"
            },
            {
              "name": "doc",
              "path": "/nix/store/hhh2h4x4rhh6qbqa6620bvhz652cgw4m-jq-1.8.1-doc"
            },
            {
              "name": "out",
              "path": "/nix/store/7a1hndk12kz9wwh9sz8hzkkwgxq6rrnk-jq-1.8.1"
            }
          ],
          "store_path": "/nix/store/s04d6wm3kqjdgr7zdhlk214f6a2291ks-jq-1.8.1-bin"
        }
      }
    },
    "nodejs@latest": {
      "last_modified": "2026-06-01T17:55:45Z",
      "plugin_version": "0.0.2",
      "resolved": "github:NixOS/nixpkgs/4df1b885d76a54e1aa1a318f8d16fd6005b6401f#nodejs_26",
      "source": "devbox-search",
      "version": "26.3.0",
      "systems": {
        "aarch64-darwin": {
          "outputs": [
            {
              "name": "out",
              "path": "/nix/store/nfh1lwb8b42nn64wh8vwnjqpz2swr1vj-nodejs-26.3.0",
              "default": true
            }
          ],
          "store_path": "/nix/store/nfh1lwb8b42nn64wh8vwnjqpz2swr1vj-nodejs-26.3.0"
        },
        "aarch64-linux": {
          "outputs": [
            {
              "name": "out",
              "path": "/nix/store/f4mq152z1j84c7aj1h6w4gwa3mwvbk3z-nodejs-26.3.0",
              "default": true
            }
          ],
          "store_path": "/nix/store/f4mq152z1j84c7aj1h6w4gwa3mwvbk3z-nodejs-26.3.0"
        },
        "x86_64-darwin": {
          "outputs": [
            {
              "name": "out",
              "path": "/nix/store/24psmxnybpswr7r21vrdca2lji15rfjl-nodejs-26.3.0",
              "default": true
            }
          ],
          "store_path": "/nix/store/24psmxnybpswr7r21vrdca2lji15rfjl-nodejs-26.3.0"
        },
        "x86_64-linux": {
          "outputs": [
            {
              "name": "out",
              "path": "/nix/store/nk72hijagb0yc9rax5rr4gw8mpvmq7vw-nodejs-26.3.0",
              "default": true
            }
          ],
          "store_path": "/nix/store/nk72hijagb0yc9rax5rr4gw8mpvmq7vw-nodejs-26.3.0"
        }
      }
    },
    "unzip@latest": {
      "last_modified": "2026-05-21T08:15:18Z",
      "resolved": "github:NixOS/nixpkgs/4a29d733e8a7d5b824c3d8c958a946a9867b3eb2#unzip",
      "source": "devbox-search",
      "version": "6.0",
      "systems": {
        "aarch64-darwin": {
          "outputs": [
            {
              "name": "out",
              "path": "/nix/store/8s625qigz41r5qvl1z3yglaak2j0llr9-unzip-6.0",
              "default": true
            }
          ],
          "store_path": "/nix/store/8s625qigz41r5qvl1z3yglaak2j0llr9-unzip-6.0"
        },
        "aarch64-linux": {
          "outputs": [
            {
              "name": "out",
              "path": "/nix/store/cdxq66siy546g4gqp0w693n6d043ngnd-unzip-6.0",
              "default": true
            }
          ],
          "store_path": "/nix/store/cdxq66siy546g4gqp0w693n6d043ngnd-unzip-6.0"
        },
        "x86_64-darwin": {
          "outputs": [
            {
              "name": "out",
              "path": "/nix/store/zbara2rlmdaaf71hxxdq9qrwbx7jly9f-unzip-6.0",
              "default": true
            }
          ],
          "store_path": "/nix/store/zbara2rlmdaaf71hxxdq9qrwbx7jly9f-unzip-6.0"
        },
        "x86_64-linux": {
          "outputs": [
            {
              "name": "out",
              "path": "/nix/store/mhw4sjc1rz4zmb3vkdinvfm7ym96fazx-unzip-6.0",
              "default": true
            }
          ],
          "store_path": "/nix/store/mhw4sjc1rz4zmb3vkdinvfm7ym96fazx-unzip-6.0"
        }
      }
    }
  }
}
